
Microsoft Visual Studio Solution File, Format Version 12.00
# Visual Studio Version 17
VisualStudioVersion = 17.7.34221.43
MinimumVisualStudioVersion = 10.0.40219.1
Project("{9A19103F-16F7-4668-BE54-9A1E7A4F7556}") = "GreenGardens", "GreenGardens\GreenGardens.csproj", "{DE84C7CA-EA5A-422B-AB4E-17F448C8CDC7}"
EndProject
Global
	GlobalSection(SolutionConfigurationPlatforms) = preSolution
		Debug|Any CPU = Debug|Any CPU
		Release|Any CPU = Release|Any CPU
	EndGlobalSection
	GlobalSection(ProjectConfigurationPlatforms) = postSolution
		{DE84C7CA-EA5A-422B-AB4E-17F448C8CDC7}.Debug|Any CPU.ActiveCfg = Debug|Any CPU
		{DE84C7CA-EA5A-422B-AB4E-17F448C8CDC7}.Debug|Any CPU.Build.0 = Debug|Any CPU
		{DE84C7CA-EA5A-422B-AB4E-17F448C8CDC7}.Release|Any CPU.ActiveCfg = Release|Any CPU
		{DE84C7CA-EA5A-422B-AB4E-17F448C8CDC7}.Release|Any CPU.Build.0 = Release|Any CPU
	EndGlobalSection
	GlobalSection(SolutionProperties) = preSolution
		HideSolutionNode = FALSE
	EndGlobalSection
	GlobalSection(ExtensibilityGlobals) = postSolution
		SolutionGuid = {A40242EB-8B35-4F96-9FB5-5B00541C6E2C}
	EndGlobalSection
EndGlobal
